
Microsoft Visual Studio Solution File, Format Version 12.00
# Visual Studio Version 16
VisualStudioVersion = 16.0.28803.202
MinimumVisualStudioVersion = 10.0.40219.1
Project("{FAE04EC0-301F-11D3-BF4B-00C04F79EFBC}") = "OTS_UI", "OTS_UI\OTS_UI.csproj", "{82D03C6F-148B-4691-A87A-7E79871055B6}"
EndProject
Project("{FAE04EC0-301F-11D3-BF4B-00C04F79EFBC}") = "OTS_ENTITIES", "OTS_ENTITIES\OTS_ENTITIES.csproj", "{9AC82277-3A34-4351-B9A4-68E2C1B06584}"
EndProject
Project("{FAE04EC0-301F-11D3-BF4B-00C04F79EFBC}") = "ConsoleApp1", "ConsoleApp1\ConsoleApp1.csproj", "{03E458EF-8BBA-4F55-90C4-861DEE38B4EF}"
EndProject
Project("{FAE04EC0-301F-11D3-BF4B-00C04F79EFBC}") = "OTS_DAL", "OTS_DAL\OTS_DAL.csproj", "{1F2B428F-B2BD-4673-B0BF-A6E071976F0E}"
EndProject
Project("{FAE04EC0-301F-11D3-BF4B-00C04F79EFBC}") = "OTS_BLL", "OTS_BLL\OTS_BLL.csproj", "{3B21BF9D-7F3A-40AC-84BF-B68D3FEAA2DD}"
EndProject
Global
	GlobalSection(SolutionConfigurationPlatforms) = preSolution
		Debug|Any CPU = Debug|Any CPU
		Release|Any CPU = Release|Any CPU
	EndGlobalSection
	GlobalSection(ProjectConfigurationPlatforms) = postSolution
		{82D03C6F-148B-4691-A87A-7E79871055B6}.Debug|Any CPU.ActiveCfg = Debug|Any CPU
		{82D03C6F-148B-4691-A87A-7E79871055B6}.Debug|Any CPU.Build.0 = Debug|Any CPU
		{82D03C6F-148B-4691-A87A-7E79871055B6}.Release|Any CPU.ActiveCfg = Release|Any CPU
		{82D03C6F-148B-4691-A87A-7E79871055B6}.Release|Any CPU.Build.0 = Release|Any CPU
		{9AC82277-3A34-4351-B9A4-68E2C1B06584}.Debug|Any CPU.ActiveCfg = Debug|Any CPU
		{9AC82277-3A34-4351-B9A4-68E2C1B06584}.Debug|Any CPU.Build.0 = Debug|Any CPU
		{9AC82277-3A34-4351-B9A4-68E2C1B06584}.Release|Any CPU.ActiveCfg = Release|Any CPU
		{9AC82277-3A34-4351-B9A4-68E2C1B06584}.Release|Any CPU.Build.0 = Release|Any CPU
		{03E458EF-8BBA-4F55-90C4-861DEE38B4EF}.Debug|Any CPU.ActiveCfg = Debug|Any CPU
		{03E458EF-8BBA-4F55-90C4-861DEE38B4EF}.Debug|Any CPU.Build.0 = Debug|Any CPU
		{03E458EF-8BBA-4F55-90C4-861DEE38B4EF}.Release|Any CPU.ActiveCfg = Release|Any CPU
		{03E458EF-8BBA-4F55-90C4-861DEE38B4EF}.Release|Any CPU.Build.0 = Release|Any CPU
		{1F2B428F-B2BD-4673-B0BF-A6E071976F0E}.Debug|Any CPU.ActiveCfg = Debug|Any CPU
		{1F2B428F-B2BD-4673-B0BF-A6E071976F0E}.Debug|Any CPU.Build.0 = Debug|Any CPU
		{1F2B428F-B2BD-4673-B0BF-A6E071976F0E}.Release|Any CPU.ActiveCfg = Release|Any CPU
		{1F2B428F-B2BD-4673-B0BF-A6E071976F0E}.Release|Any CPU.Build.0 = Release|Any CPU
		{3B21BF9D-7F3A-40AC-84BF-B68D3FEAA2DD}.Debug|Any CPU.ActiveCfg = Debug|Any CPU
		{3B21BF9D-7F3A-40AC-84BF-B68D3FEAA2DD}.Debug|Any CPU.Build.0 = Debug|Any CPU
		{3B21BF9D-7F3A-40AC-84BF-B68D3FEAA2DD}.Release|Any CPU.ActiveCfg = Release|Any CPU
		{3B21BF9D-7F3A-40AC-84BF-B68D3FEAA2DD}.Release|Any CPU.Build.0 = Release|Any CPU
	EndGlobalSection
	GlobalSection(SolutionProperties) = preSolution
		HideSolutionNode = FALSE
	EndGlobalSection
	GlobalSection(ExtensibilityGlobals) = postSolution
		SolutionGuid = {E709005C-E907-4D0B-A48D-1D279FFD9D69}
	EndGlobalSection
EndGlobal
